// !$*UTF8*$!
{
	archiveVersion = 1;
	classes = {
	};
	objectVersion = 77;
	objects = {

/* Begin PBXContainerItemProxy section */
		8556E9132EED86FE00A699B4 /* PBXContainerItemProxy */ = {
			isa = PBXContainerItemProxy;
			containerPortal = 8556E8F42EED86FC00A699B4 /* Project object */;
			proxyType = 1;
			remoteGlobalIDString = 8556E8FB2EED86FC00A699B4;
			remoteInfo = "To-Do App";
		};
		8556E91D2EED86FE00A699B4 /* PBXContainerItemProxy */ = {
			isa = PBXContainerItemProxy;
			containerPortal = 8556E8F42EED86FC00A699B4 /* Project object */;
			proxyType = 1;
			remoteGlobalIDString = 8556E8FB2EED86FC00A699B4;
			remoteInfo = "To-Do App";
		};
/* End PBXContainerItemProxy section */

/* Begin PBXFileReference section */
		8556E8FC2EED86FC00A699B4 /* To-Do App.app */ = {isa = PBXFileReference; explicitFileType = wrapper.application; includeInIndex = 0; path = "To-Do App.app"; sourceTree = BUILT_PRODUCTS_DIR; };
		8556E9122EED86FE00A699B4 /* To-Do AppTests.xctest */ = {isa = PBXFileReference; explicitFileType = wrapper.cfbundle; includeInIndex = 0; path = "To-Do AppTests.xctest"; sourceTree = BUILT_PRODUCTS_DIR; };
		8556E91C2EED86FE00A699B4 /* To-Do AppUITests.xctest */ = {isa = PBXFileReference; explicitFileType = wrapper.cfbundle; includeInIndex = 0; path = "To-Do AppUITests.xctest"; sourceTree = BUILT_PRODUCTS_DIR; };
/* End PBXFileReference section */

/* Begin PBXFileSystemSynchronizedBuildFileExceptionSet section */
		8556E9242EED86FE00A699B4 /* Exceptions for "To-Do App" folder in "To-Do App" target */ = {
			isa = PBXFileSystemSynchronizedBuildFileExceptionSet;
			membershipExceptions = (
				Info.plist,
			);
			target = 8556E8FB2EED86FC00A699B4 /* To-Do App */;
		};
/* End PBXFileSystemSynchronizedBuildFileExceptionSet section */

/* Begin PBXFileSystemSynchronizedRootGroup section */
		8556E8FE2EED86FC00A699B4 /* To-Do App */ = {
			isa = PBXFileSystemSynchronizedRootGroup;
			exceptions = (
				8556E9242EED86FE00A699B4 /* Exceptions for "To-Do App" folder in "To-Do App" target */,
			);
			path = "To-Do App";
			sourceTree = "<group>";
		};
		8556E9152EED86FE00A699B4 /* To-Do AppTests */ = {
			isa = PBXFileSystemSynchronizedRootGroup;
			path = "To-Do AppTests";
			sourceTree = "<group>";
		};
		8556E91F2EED86FE00A699B4 /* To-Do AppUITests */ = {
			isa = PBXFileSystemSynchronizedRootGroup;
			path = "To-Do AppUITests";
			sourceTree = "<group>";
		};
/* End PBXFileSystemSynchronizedRootGroup section */

/* Begin PBXFrameworksBuildPhase section */
		8556E8F92EED86FC00A699B4 /* Frameworks */ = {
			isa = PBXFrameworksBuildPhase;
			buildActionMask = 2147483647;
			files = (
			);
			runOnlyForDeploymentPostprocessing = 0;
		};
		8556E90F2EED86FE00A699B4 /* Frameworks */ = {
			isa = PBXFrameworksBuildPhase;
			buildActionMask = 2147483647;
			files = (
			);
			runOnlyForDeploymentPostprocessing = 0;
		};
		8556E9192EED86FE00A699B4 /* Frameworks */ = {
			isa = PBXFrameworksBuildPhase;
			buildActionMask = 2147483647;
			files = (
			);
			runOnlyForDeploymentPostprocessing = 0;
		};
/* End PBXFrameworksBuildPhase section */

/* Begin PBXGroup section */
		8556E8F32EED86FC00A699B4 = {
			isa = PBXGroup;
			children = (
				8556E8FE2EED86FC00A699B4 /* To-Do App */,
				8556E9152EED86FE00A699B4 /* To-Do AppTests */,
				8556E91F2EED86FE00A699B4 /* To-Do AppUITests */,
				8556E8FD2EED86FC00A699B4 /* Products */,
			);
			sourceTree = "<group>";
		};
		8556E8FD2EED86FC00A699B4 /* Products */ = {
			isa = PBXGroup;
			children = (
				8556E8FC2EED86FC00A699B4 /* To-Do App.app */,
				8556E9122EED86FE00A699B4 /* To-Do AppTests.xctest */,
				8556E91C2EED86FE00A699B4 /* To-Do AppUITests.xctest */,
			);
			name = Products;
			sourceTree = "<group>";
		};
/* End PBXGroup section */

/* Begin PBXNativeTarget section */
		8556E8FB2EED86FC00A699B4 /* To-Do App */ = {
			isa = PBXNativeTarget;
			buildConfigurationList = 8556E9252EED86FE00A699B4 /* Build configuration list for PBXNativeTarget "To-Do App" */;
			buildPhases = (
				8556E8F82EED86FC00A699B4 /* Sources */,
				8556E8F92EED86FC00A699B4 /* Frameworks */,
				8556E8FA2EED86FC00A699B4 /* Resources */,
			);
			buildRules = (
			);
			dependencies = (
			);
			fileSystemSynchronizedGroups = (
				8556E8FE2EED86FC00A699B4 /* To-Do App */,
			);
			name = "To-Do App";
			packageProductDependencies = (
			);
			productName = "To-Do App";
			productReference = 8556E8FC2EED86FC00A699B4 /* To-Do App.app */;
			productType = "com.apple.product-type.application";
		};
		8556E9112EED86FE00A699B4 /* To-Do AppTests */ = {
			isa = PBXNativeTarget;
			buildConfigurationList = 8556E92A2EED86FE00A699B4 /* Build configuration list for PBXNativeTarget "To-Do AppTests" */;
			buildPhases = (
				8556E90E2EED86FE00A699B4 /* Sources */,
				8556E90F2EED86FE00A699B4 /* Frameworks */,
				8556E9102EED86FE00A699B4 /* Resources */,
			);
			buildRules = (
			);
			dependencies = (
				8556E9142EED86FE00A699B4 /* PBXTargetDependency */,
			);
			fileSystemSynchronizedGroups = (
				8556E9152EED86FE00A699B4 /* To-Do AppTests */,
			);
			name = "To-Do AppTests";
			packageProductDependencies = (
			);
			productName = "To-Do AppTests";
			productReference = 8556E9122EED86FE00A699B4 /* To-Do AppTests.xctest */;
			productType = "com.apple.product-type.bundle.unit-test";
		};
		8556E91B2EED86FE00A699B4 /* To-Do AppUITests */ = {
			isa = PBXNativeTarget;
			buildConfigurationList = 8556E92D2EED86FE00A699B4 /* Build configuration list for PBXNativeTarget "To-Do AppUITests" */;
			buildPhases = (
				8556E9182EED86FE00A699B4 /* Sources */,
				8556E9192EED86FE00A699B4 /* Frameworks */,
				8556E91A2EED86FE00A699B4 /* Resources */,
			);
			buildRules = (
			);
			dependencies = (
				8556E91E2EED86FE00A699B4 /* PBXTargetDependency */,
			);
			fileSystemSynchronizedGroups = (
				8556E91F2EED86FE00A699B4 /* To-Do AppUITests */,
			);
			name = "To-Do AppUITests";
			packageProductDependencies = (
			);
			productName = "To-Do AppUITests";
			productReference = 8556E91C2EED86FE00A699B4 /* To-Do AppUITests.xctest */;
			productType = "com.apple.product-type.bundle.ui-testing";
		};
/* End PBXNativeTarget section */

/* Begin PBXProject section */
		8556E8F42EED86FC00A699B4 /* Project object */ = {
			isa = PBXProject;
			attributes = {
				BuildIndependentTargetsInParallel = 1;
				LastSwiftUpdateCheck = 1630;
				LastUpgradeCheck = 1630;
				TargetAttributes = {
					8556E8FB2EED86FC00A699B4 = {
						CreatedOnToolsVersion = 16.3;
					};
					8556E9112EED86FE00A699B4 = {
						CreatedOnToolsVersion = 16.3;
						TestTargetID = 8556E8FB2EED86FC00A699B4;
					};
					8556E91B2EED86FE00A699B4 = {
						CreatedOnToolsVersion = 16.3;
						TestTargetID = 8556E8FB2EED86FC00A699B4;
					};
				};
			};
			buildConfigurationList = 8556E8F72EED86FC00A699B4 /* Build configuration list for PBXProject "To-Do App" */;
			developmentRegion = en;
			hasScannedForEncodings = 0;
			knownRegions = (
				en,
				Base,
			);
			mainGroup = 8556E8F32EED86FC00A699B4;
			minimizedProjectReferenceProxies = 1;
			preferredProjectObjectVersion = 77;
			productRefGroup = 8556E8FD2EED86FC00A699B4 /* Products */;
			projectDirPath = "";
			projectRoot = "";
			targets = (
				8556E8FB2EED86FC00A699B4 /* To-Do App */,
				8556E9112EED86FE00A699B4 /* To-Do AppTests */,
				8556E91B2EED86FE00A699B4 /* To-Do AppUITests */,
			);
		};
/* End PBXProject section */

/* Begin PBXResourcesBuildPhase section */
		8556E8FA2EED86FC00A699B4 /* Resources */ = {
			isa = PBXResourcesBuildPhase;
			buildActionMask = 2147483647;
			files = (
			);
			runOnlyForDeploymentPostprocessing = 0;
		};
		8556E9102EED86FE00A699B4 /* Resources */ = {
			isa = PBXResourcesBuildPhase;
			buildActionMask = 2147483647;
			files = (
			);
			runOnlyForDeploymentPostprocessing = 0;
		};
		8556E91A2EED86FE00A699B4 /* Resources */ = {
			isa = PBXResourcesBuildPhase;
			buildActionMask = 2147483647;
			files = (
			);
			runOnlyForDeploymentPostprocessing = 0;
		};
/* End PBXResourcesBuildPhase section */

/* Begin PBXSourcesBuildPhase section */
		8556E8F82EED86FC00A699B4 /* Sources */ = {
			isa = PBXSourcesBuildPhase;
			buildActionMask = 2147483647;
			files = (
			);
			runOnlyForDeploymentPostprocessing = 0;
		};
		8556E90E2EED86FE00A699B4 /* Sources */ = {
			isa = PBXSourcesBuildPhase;
			buildActionMask = 2147483647;
			files = (
			);
			runOnlyForDeploymentPostprocessing = 0;
		};
		8556E9182EED86FE00A699B4 /* Sources */ = {
			isa = PBXSourcesBuildPhase;
			buildActionMask = 2147483647;
			files = (
			);
			runOnlyForDeploymentPostprocessing = 0;
		};
/* End PBXSourcesBuildPhase section */

/* Begin PBXTargetDependency section */
		8556E9142EED86FE00A699B4 /* PBXTargetDependency */ = {
			isa = PBXTargetDependency;
			target = 8556E8FB2EED86FC00A699B4 /* To-Do App */;
			targetProxy = 8556E9132EED86FE00A699B4 /* PBXContainerItemProxy */;
		};
		8556E91E2EED86FE00A699B4 /* PBXTargetDependency */ = {
			isa = PBXTargetDependency;
			target = 8556E8FB2EED86FC00A699B4 /* To-Do App */;
			targetProxy = 8556E91D2EED86FE00A699B4 /* PBXContainerItemProxy */;
		};
/* End PBXTargetDependency section */

/* Begin XCBuildConfiguration section */
		8556E9262EED86FE00A699B4 /* Debug */ = {
			isa = XCBuildConfiguration;
			buildSettings = {
				ASSETCATALOG_COMPILER_APPICON_NAME = AppIcon;
				ASSETCATALOG_COMPILER_GLOBAL_ACCENT_COLOR_NAME = AccentColor;
				CODE_SIGN_STYLE = Automatic;
				CURRENT_PROJECT_VERSION = 1;
				DEVELOPMENT_TEAM = 97FP9R3YQR;
				GENERATE_INFOPLIST_FILE = YES;
				INFOPLIST_FILE = "To-Do App/Info.plist";
				INFOPLIST_KEY_UIApplicationSupportsIndirectInputEvents = YES;
				INFOPLIST_KEY_UILaunchStoryboardName = LaunchScreen;
				INFOPLIST_KEY_UIMainStoryboardFile = Main;
				INFOPLIST_KEY_UISupportedInterfaceOrientations_iPad = "UIInterfaceOrientationPortrait UIInterfaceOrientationPortraitUpsideDown UIInterfaceOrientationLandscapeLeft UIInterfaceOrientationLandscapeRight";
				INFOPLIST_KEY_UISupportedInterfaceOrientations_iPhone = "UIInterfaceOrientationPortrait UIInterfaceOrientationLandscapeLeft UIInterfaceOrientationLandscapeRight";
				IPHONEOS_DEPLOYMENT_TARGET = 16.0;
				LD_RUNPATH_SEARCH_PATHS = (
					"$(inherited)",
					"@executable_path/Frameworks",
				);
				MARKETING_VERSION = 1.0;
				PRODUCT_BUNDLE_IDENTIFIER = "myownorganisation.To-Do-App";
				PRODUCT_NAME = "$(TARGET_NAME)";
				SWIFT_EMIT_LOC_STRINGS = YES;
				SWIFT_VERSION = 5.0;
				TARGETED_DEVICE_FAMILY = "1,2";
			};
			name = Debug;
		};
		8556E9272EED86FE00A699B4 /* Release */ = {
			isa = XCBuildConfiguration;
			buildSettings = {
				ASSETCATALOG_COMPILER_APPICON_NAME = AppIcon;
				ASSETCATALOG_COMPILER_GLOBAL_ACCENT_COLOR_NAME = AccentColor;
				CODE_SIGN_STYLE = Automatic;
				CURRENT_PROJECT_VERSION = 1;
				DEVELOPMENT_TEAM = 97FP9R3YQR;
				GENERATE_INFOPLIST_FILE = YES;
				INFOPLIST_FILE = "To-Do App/Info.plist";
				INFOPLIST_KEY_UIApplicationSupportsIndirectInputEvents = YES;
				INFOPLIST_KEY_UILaunchStoryboardName = LaunchScreen;
				INFOPLIST_KEY_UIMainStoryboardFile = Main;
				INFOPLIST_KEY_UISupportedInterfaceOrientations_iPad = "UIInterfaceOrientationPortrait UIInterfaceOrientationPortraitUpsideDown UIInterfaceOrientationLandscapeLeft UIInterfaceOrientationLandscapeRight";
				INFOPLIST_KEY_UISupportedInterfaceOrientations_iPhone = "UIInterfaceOrientationPortrait UIInterfaceOrientationLandscapeLeft UIInterfaceOrientationLandscapeRight";
				IPHONEOS_DEPLOYMENT_TARGET = 16.0;
				LD_RUNPATH_SEARCH_PATHS = (
					"$(inherited)",
					"@executable_path/Frameworks",
				);
				MARKETING_VERSION = 1.0;
				PRODUCT_BUNDLE_IDENTIFIER = "myownorganisation.To-Do-App";
				PRODUCT_NAME = "$(TARGET_NAME)";
				SWIFT_EMIT_LOC_STRINGS = YES;
				SWIFT_VERSION = 5.0;
				TARGETED_DEVICE_FAMILY = "1,2";
			};
			name = Release;
		};
		8556E9282EED86FE00A699B4 /* Debug */ = {
			isa = XCBuildConfiguration;
			buildSettings = {
				ALWAYS_SEARCH_USER_PATHS = NO;
				ASSETCATALOG_COMPILER_GENERATE_SWIFT_ASSET_SYMBOL_EXTENSIONS = YES;
				CLANG_ANALYZER_NONNULL = YES;
				CLANG_ANALYZER_NUMBER_OBJECT_CONVERSION = YES_AGGRESSIVE;
				CLANG_CXX_LANGUAGE_STANDARD = "gnu++20";
				CLANG_ENABLE_MODULES = YES;
				CLANG_ENABLE_OBJC_ARC = YES;
				CLANG_ENABLE_OBJC_WEAK = YES;
				CLANG_WARN_BLOCK_CAPTURE_AUTORELEASING = YES;
				CLANG_WARN_BOOL_CONVERSION = YES;
				CLANG_WARN_COMMA = YES;
				CLANG_WARN_CONSTANT_CONVERSION = YES;
				CLANG_WARN_DEPRECATED_OBJC_IMPLEMENTATIONS = YES;
				CLANG_WARN_DIRECT_OBJC_ISA_USAGE = YES_ERROR;
				CLANG_WARN_DOCUMENTATION_COMMENTS = YES;
				CLANG_WARN_EMPTY_BODY = YES;
				CLANG_WARN_ENUM_CONVERSION = YES;
				CLANG_WARN_INFINITE_RECURSION = YES;
				CLANG_WARN_INT_CONVERSION = YES;
				CLANG_WARN_NON_LITERAL_NULL_CONVERSION = YES;
				CLANG_WARN_OBJC_IMPLICIT_RETAIN_SELF = YES;
				CLANG_WARN_OBJC_LITERAL_CONVERSION = YES;
				CLANG_WARN_OBJC_ROOT_CLASS = YES_ERROR;
				CLANG_WARN_QUOTED_INCLUDE_IN_FRAMEWORK_HEADER = YES;
				CLANG_WARN_RANGE_LOOP_ANALYSIS = YES;
				CLANG_WARN_STRICT_PROTOTYPES = YES;
				CLANG_WARN_SUSPICIOUS_MOVE = YES;
				CLANG_WARN_UNGUARDED_AVAILABILITY = YES_AGGRESSIVE;
				CLANG_WARN_UNREACHABLE_CODE = YES;
				CLANG_WARN__DUPLICATE_METHOD_MATCH = YES;
				COPY_PHASE_STRIP = NO;
				DEBUG_INFORMATION_FORMAT = dwarf;
				DEVELOPMENT_TEAM = 97FP9R3YQR;
				ENABLE_STRICT_OBJC_MSGSEND = YES;
				ENABLE_TESTABILITY = YES;
				ENABLE_USER_SCRIPT_SANDBOXING = YES;
				GCC_C_LANGUAGE_STANDARD = gnu17;
				GCC_DYNAMIC_NO_PIC = NO;
				GCC_NO_COMMON_BLOCKS = YES;
				GCC_OPTIMIZATION_LEVEL = 0;
				GCC_PREPROCESSOR_DEFINITIONS = (
					"DEBUG=1",
					"$(inherited)",
				);
				GCC_WARN_64_TO_32_BIT_CONVERSION = YES;
				GCC_WARN_ABOUT_RETURN_TYPE = YES_ERROR;
				GCC_WARN_UNDECLARED_SELECTOR = YES;
				GCC_WARN_UNINITIALIZED_AUTOS = YES_AGGRESSIVE;
				GCC_WARN_UNUSED_FUNCTION = YES;
				GCC_WARN_UNUSED_VARIABLE = YES;
				IPHONEOS_DEPLOYMENT_TARGET = 18.4;
				LOCALIZATION_PREFERS_STRING_CATALOGS = YES;
				MTL_ENABLE_DEBUG_INFO = INCLUDE_SOURCE;
				MTL_FAST_MATH = YES;
				ONLY_ACTIVE_ARCH = YES;
				SDKROOT = iphoneos;
				SWIFT_ACTIVE_COMPILATION_CONDITIONS = "DEBUG $(inherited)";
				SWIFT_OPTIMIZATION_LEVEL = "-Onone";
			};
			name = Debug;
		};
		8556E9292EED86FE00A699B4 /* Release */ = {
			isa = XCBuildConfiguration;
			buildSettings = {
				ALWAYS_SEARCH_USER_PATHS = NO;
				ASSETCATALOG_COMPILER_GENERATE_SWIFT_ASSET_SYMBOL_EXTENSIONS = YES;
				CLANG_ANALYZER_NONNULL = YES;
				CLANG_ANALYZER_NUMBER_OBJECT_CONVERSION = YES_AGGRESSIVE;
				CLANG_CXX_LANGUAGE_STANDARD = "gnu++20";
				CLANG_ENABLE_MODULES = YES;
				CLANG_ENABLE_OBJC_ARC = YES;
				CLANG_ENABLE_OBJC_WEAK = YES;
				CLANG_WARN_BLOCK_CAPTURE_AUTORELEASING = YES;
				CLANG_WARN_BOOL_CONVERSION = YES;
				CLANG_WARN_COMMA = YES;
				CLANG_WARN_CONSTANT_CONVERSION = YES;
				CLANG_WARN_DEPRECATED_OBJC_IMPLEMENTATIONS = YES;
				CLANG_WARN_DIRECT_OBJC_ISA_USAGE = YES_ERROR;
				CLANG_WARN_DOCUMENTATION_COMMENTS = YES;
				CLANG_WARN_EMPTY_BODY = YES;
				CLANG_WARN_ENUM_CONVERSION = YES;
				CLANG_WARN_INFINITE_RECURSION = YES;
				CLANG_WARN_INT_CONVERSION = YES;
				CLANG_WARN_NON_LITERAL_NULL_CONVERSION = YES;
				CLANG_WARN_OBJC_IMPLICIT_RETAIN_SELF = YES;
				CLANG_WARN_OBJC_LITERAL_CONVERSION = YES;
				CLANG_WARN_OBJC_ROOT_CLASS = YES_ERROR;
				CLANG_WARN_QUOTED_INCLUDE_IN_FRAMEWORK_HEADER = YES;
				CLANG_WARN_RANGE_LOOP_ANALYSIS = YES;
				CLANG_WARN_STRICT_PROTOTYPES = YES;
				CLANG_WARN_SUSPICIOUS_MOVE = YES;
				CLANG_WARN_UNGUARDED_AVAILABILITY = YES_AGGRESSIVE;
				CLANG_WARN_UNREACHABLE_CODE = YES;
				CLANG_WARN__DUPLICATE_METHOD_MATCH = YES;
				COPY_PHASE_STRIP = NO;
				DEBUG_INFORMATION_FORMAT = "dwarf-with-dsym";
				DEVELOPMENT_TEAM = 97FP9R3YQR;
				ENABLE_NS_ASSERTIONS = NO;
				ENABLE_STRICT_OBJC_MSGSEND = YES;
				ENABLE_USER_SCRIPT_SANDBOXING = YES;
				GCC_C_LANGUAGE_STANDARD = gnu17;
				GCC_NO_COMMON_BLOCKS = YES;
				GCC_WARN_64_TO_32_BIT_CONVERSION = YES;
				GCC_WARN_ABOUT_RETURN_TYPE = YES_ERROR;
				GCC_WARN_UNDECLARED_SELECTOR = YES;
				GCC_WARN_UNINITIALIZED_AUTOS = YES_AGGRESSIVE;
				GCC_WARN_UNUSED_FUNCTION = YES;
				GCC_WARN_UNUSED_VARIABLE = YES;
				IPHONEOS_DEPLOYMENT_TARGET = 18.4;
				LOCALIZATION_PREFERS_STRING_CATALOGS = YES;
				MTL_ENABLE_DEBUG_INFO = NO;
				MTL_FAST_MATH = YES;
				SDKROOT = iphoneos;
				SWIFT_COMPILATION_MODE = wholemodule;
				VALIDATE_PRODUCT = YES;
			};
			name = Release;
		};
		8556E92B2EED86FE00A699B4 /* Debug */ = {
			isa = XCBuildConfiguration;
			buildSettings = {
				BUNDLE_LOADER = "$(TEST_HOST)";
				CODE_SIGN_STYLE = Automatic;
				CURRENT_PROJECT_VERSION = 1;
				DEVELOPMENT_TEAM = 97FP9R3YQR;
				GENERATE_INFOPLIST_FILE = YES;
				IPHONEOS_DEPLOYMENT_TARGET = 18.4;
				MARKETING_VERSION = 1.0;
				PRODUCT_BUNDLE_IDENTIFIER = "myownorganisation.To-Do-AppTests";
				PRODUCT_NAME = "$(TARGET_NAME)";
				SWIFT_EMIT_LOC_STRINGS = NO;
				SWIFT_VERSION = 5.0;
				TARGETED_DEVICE_FAMILY = "1,2";
				TEST_HOST = "$(BUILT_PRODUCTS_DIR)/To-Do App.app/$(BUNDLE_EXECUTABLE_FOLDER_PATH)/To-Do App";
			};
			name = Debug;
		};
		8556E92C2EED86FE00A699B4 /* Release */ = {
			isa = XCBuildConfiguration;
			buildSettings = {
				BUNDLE_LOADER = "$(TEST_HOST)";
				CODE_SIGN_STYLE = Automatic;
				CURRENT_PROJECT_VERSION = 1;
				DEVELOPMENT_TEAM = 97FP9R3YQR;
				GENERATE_INFOPLIST_FILE = YES;
				IPHONEOS_DEPLOYMENT_TARGET = 18.4;
				MARKETING_VERSION = 1.0;
				PRODUCT_BUNDLE_IDENTIFIER = "myownorganisation.To-Do-AppTests";
				PRODUCT_NAME = "$(TARGET_NAME)";
				SWIFT_EMIT_LOC_STRINGS = NO;
				SWIFT_VERSION = 5.0;
				TARGETED_DEVICE_FAMILY = "1,2";
				TEST_HOST = "$(BUILT_PRODUCTS_DIR)/To-Do App.app/$(BUNDLE_EXECUTABLE_FOLDER_PATH)/To-Do App";
			};
			name = Release;
		};
		8556E92E2EED86FE00A699B4 /* Debug */ = {
			isa = XCBuildConfiguration;
			buildSettings = {
				CODE_SIGN_STYLE = Automatic;
				CURRENT_PROJECT_VERSION = 1;
				DEVELOPMENT_TEAM = 97FP9R3YQR;
				GENERATE_INFOPLIST_FILE = YES;
				MARKETING_VERSION = 1.0;
				PRODUCT_BUNDLE_IDENTIFIER = "myownorganisation.To-Do-AppUITests";
				PRODUCT_NAME = "$(TARGET_NAME)";
				SWIFT_EMIT_LOC_STRINGS = NO;
				SWIFT_VERSION = 5.0;
				TARGETED_DEVICE_FAMILY = "1,2";
				TEST_TARGET_NAME = "To-Do App";
			};
			name = Debug;
		};
		8556E92F2EED86FE00A699B4 /* Release */ = {
			isa = XCBuildConfiguration;
			buildSettings = {
				CODE_SIGN_STYLE = Automatic;
				CURRENT_PROJECT_VERSION = 1;
				DEVELOPMENT_TEAM = 97FP9R3YQR;
				GENERATE_INFOPLIST_FILE = YES;
				MARKETING_VERSION = 1.0;
				PRODUCT_BUNDLE_IDENTIFIER = "myownorganisation.To-Do-AppUITests";
				PRODUCT_NAME = "$(TARGET_NAME)";
				SWIFT_EMIT_LOC_STRINGS = NO;
				SWIFT_VERSION = 5.0;
				TARGETED_DEVICE_FAMILY = "1,2";
				TEST_TARGET_NAME = "To-Do App";
			};
			name = Release;
		};
/* End XCBuildConfiguration section */

/* Begin XCConfigurationList section */
		8556E8F72EED86FC00A699B4 /* Build configuration list for PBXProject "To-Do App" */ = {
			isa = XCConfigurationList;
			buildConfigurations = (
				8556E9282EED86FE00A699B4 /* Debug */,
				8556E9292EED86FE00A699B4 /* Release */,
			);
			defaultConfigurationIsVisible = 0;
			defaultConfigurationName = Release;
		};
		8556E9252EED86FE00A699B4 /* Build configuration list for PBXNativeTarget "To-Do App" */ = {
			isa = XCConfigurationList;
			buildConfigurations = (
				8556E9262EED86FE00A699B4 /* Debug */,
				8556E9272EED86FE00A699B4 /* Release */,
			);
			defaultConfigurationIsVisible = 0;
			defaultConfigurationName = Release;
		};
		8556E92A2EED86FE00A699B4 /* Build configuration list for PBXNativeTarget "To-Do AppTests" */ = {
			isa = XCConfigurationList;
			buildConfigurations = (
				8556E92B2EED86FE00A699B4 /* Debug */,
				8556E92C2EED86FE00A699B4 /* Release */,
			);
			defaultConfigurationIsVisible = 0;
			defaultConfigurationName = Release;
		};
		8556E92D2EED86FE00A699B4 /* Build configuration list for PBXNativeTarget "To-Do AppUITests" */ = {
			isa = XCConfigurationList;
			buildConfigurations = (
				8556E92E2EED86FE00A699B4 /* Debug */,
				8556E92F2EED86FE00A699B4 /* Release */,
			);
			defaultConfigurationIsVisible = 0;
			defaultConfigurationName = Release;
		};
/* End XCConfigurationList section */
	};
	rootObject = 8556E8F42EED86FC00A699B4 /* Project object */;
}
